
Microsoft Visual Studio Solution File, Format Version 12.00
# Visual Studio 14
VisualStudioVersion = 14.0.24720.0
MinimumVisualStudioVersion = 10.0.40219.1
Project("{FAE04EC0-301F-11D3-BF4B-00C04F79EFBC}") = "WindowsFormsApplication1", "WindowsFormsApplication1\WindowsFormsApplication1.csproj", "{380059DA-7CAF-44A8-8DFE-4F3033AD8DBB}"
EndProject
Global
	GlobalSection(SolutionConfigurationPlatforms) = preSolution
		Debug|Any CPU = Debug|Any CPU
		Release|Any CPU = Release|Any CPU
	EndGlobalSection
	GlobalSection(ProjectConfigurationPlatforms) = postSolution
		{380059DA-7CAF-44A8-8DFE-4F3033AD8DBB}.Debug|Any CPU.ActiveCfg = Debug|Any CPU
		{380059DA-7CAF-44A8-8DFE-4F3033AD8DBB}.Debug|Any CPU.Build.0 = Debug|Any CPU
		{380059DA-7CAF-44A8-8DFE-4F3033AD8DBB}.Release|Any CPU.ActiveCfg = Release|Any CPU
		{380059DA-7CAF-44A8-8DFE-4F3033AD8DBB}.Release|Any CPU.Build.0 = Release|Any CPU
	EndGlobalSection
	GlobalSection(SolutionProperties) = preSolution
		HideSolutionNode = FALSE
	EndGlobalSection
EndGlobal
